
Microsoft Visual Studio Solution File, Format Version 12.00
# Visual Studio Version 17
VisualStudioVersion = 17.5.33414.496
MinimumVisualStudioVersion = 10.0.40219.1
Project("{9A19103F-16F7-4668-BE54-9A1E7A4F7556}") = "NavSpatialDataWorker", "NavSpatialDataWorker.csproj", "{BE029FD9-1211-4D39-A4E9-48A13C2BE93A}"
EndProject
Project("{9A19103F-16F7-4668-BE54-9A1E7A4F7556}") = "NavSpatialDataWorkerGUI", "..\NavSpatialDataWorkerGUI\NavSpatialDataWorkerGUI.csproj", "{168B32DF-2ACD-44E7-B522-309B6713A02B}"
EndProject
Project("{FAE04EC0-301F-11D3-BF4B-00C04F79EFBC}") = "NavSpatialDataWorker.DL", "..\NavSpatialDataWorker.DL\NavSpatialDataWorker.DL.csproj", "{571957CA-F8DF-4EFA-819D-7DA6F5B6AB2B}"
EndProject
Global
	GlobalSection(SolutionConfigurationPlatforms) = preSolution
		Debug|Any CPU = Debug|Any CPU
		Release|Any CPU = Release|Any CPU
	EndGlobalSection
	GlobalSection(ProjectConfigurationPlatforms) = postSolution
		{BE029FD9-1211-4D39-A4E9-48A13C2BE93A}.Debug|Any CPU.ActiveCfg = Debug|Any CPU
		{BE029FD9-1211-4D39-A4E9-48A13C2BE93A}.Debug|Any CPU.Build.0 = Debug|Any CPU
		{BE029FD9-1211-4D39-A4E9-48A13C2BE93A}.Release|Any CPU.ActiveCfg = Release|Any CPU
		{BE029FD9-1211-4D39-A4E9-48A13C2BE93A}.Release|Any CPU.Build.0 = Release|Any CPU
		{168B32DF-2ACD-44E7-B522-309B6713A02B}.Debug|Any CPU.ActiveCfg = Debug|Any CPU
		{168B32DF-2ACD-44E7-B522-309B6713A02B}.Debug|Any CPU.Build.0 = Debug|Any CPU
		{168B32DF-2ACD-44E7-B522-309B6713A02B}.Release|Any CPU.ActiveCfg = Release|Any CPU
		{168B32DF-2ACD-44E7-B522-309B6713A02B}.Release|Any CPU.Build.0 = Release|Any CPU
		{571957CA-F8DF-4EFA-819D-7DA6F5B6AB2B}.Debug|Any CPU.ActiveCfg = Debug|Any CPU
		{571957CA-F8DF-4EFA-819D-7DA6F5B6AB2B}.Debug|Any CPU.Build.0 = Debug|Any CPU
		{571957CA-F8DF-4EFA-819D-7DA6F5B6AB2B}.Release|Any CPU.ActiveCfg = Release|Any CPU
		{571957CA-F8DF-4EFA-819D-7DA6F5B6AB2B}.Release|Any CPU.Build.0 = Release|Any CPU
	EndGlobalSection
	GlobalSection(SolutionProperties) = preSolution
		HideSolutionNode = FALSE
	EndGlobalSection
	GlobalSection(ExtensibilityGlobals) = postSolution
		SolutionGuid = {FBCBE453-254D-4ECD-BEFF-60261979B806}
	EndGlobalSection
EndGlobal
